
Microsoft Visual Studio Solution File, Format Version 12.00
# Visual Studio Version 17
VisualStudioVersion = 17.11.35222.181
MinimumVisualStudioVersion = 10.0.40219.1
Project("{888888A0-9F3D-457C-B088-3A5042F75D52}") = "web app", "web app.pyproj", "{D46122C5-A1C4-4154-83DB-D99F40D8696D}"
EndProject
Global
	GlobalSection(SolutionConfigurationPlatforms) = preSolution
		Debug|Any CPU = Debug|Any CPU
		Release|Any CPU = Release|Any CPU
	EndGlobalSection
	GlobalSection(ProjectConfigurationPlatforms) = postSolution
		{D46122C5-A1C4-4154-83DB-D99F40D8696D}.Debug|Any CPU.ActiveCfg = Debug|Any CPU
		{D46122C5-A1C4-4154-83DB-D99F40D8696D}.Release|Any CPU.ActiveCfg = Release|Any CPU
	EndGlobalSection
	GlobalSection(SolutionProperties) = preSolution
		HideSolutionNode = FALSE
	EndGlobalSection
	GlobalSection(ExtensibilityGlobals) = postSolution
		SolutionGuid = {8DF9B680-E57C-4BDB-9D35-6C83E3DD1008}
	EndGlobalSection
EndGlobal
